// !$*UTF8*$!
{
	archiveVersion = 1;
	classes = {
	};
	objectVersion = 46;
	objects = {

/* Begin PBXBuildFile section */
		D86048C917F7ED0B00C8EA1B /* Foundation.framework in Frameworks */ = {isa = PBXBuildFile; fileRef = D86048C817F7ED0B00C8EA1B /* Foundation.framework */; };
		D86048CB17F7ED0B00C8EA1B /* CoreGraphics.framework in Frameworks */ = {isa = PBXBuildFile; fileRef = D86048CA17F7ED0B00C8EA1B /* CoreGraphics.framework */; };
		D86048CD17F7ED0B00C8EA1B /* UIKit.framework in Frameworks */ = {isa = PBXBuildFile; fileRef = D86048CC17F7ED0B00C8EA1B /* UIKit.framework */; };
		D86048D317F7ED0B00C8EA1B /* InfoPlist.strings in Resources */ = {isa = PBXBuildFile; fileRef = D86048D117F7ED0B00C8EA1B /* InfoPlist.strings */; };
		D86048D517F7ED0B00C8EA1B /* main.m in Sources */ = {isa = PBXBuildFile; fileRef = D86048D417F7ED0B00C8EA1B /* main.m */; };
		D86048D917F7ED0B00C8EA1B /* AppDelegate.m in Sources */ = {isa = PBXBuildFile; fileRef = D86048D817F7ED0B00C8EA1B /* AppDelegate.m */; };
		D86048DC17F7ED0B00C8EA1B /* Main.storyboard in Resources */ = {isa = PBXBuildFile; fileRef = D86048DA17F7ED0B00C8EA1B /* Main.storyboard */; };
		D86048DF17F7ED0B00C8EA1B /* ViewController.m in Sources */ = {isa = PBXBuildFile; fileRef = D86048DE17F7ED0B00C8EA1B /* ViewController.m */; };
		D86048E117F7ED0B00C8EA1B /* Images.xcassets in Resources */ = {isa = PBXBuildFile; fileRef = D86048E017F7ED0B00C8EA1B /* Images.xcassets */; };
		D86048E817F7ED0B00C8EA1B /* XCTest.framework in Frameworks */ = {isa = PBXBuildFile; fileRef = D86048E717F7ED0B00C8EA1B /* XCTest.framework */; };
		D86048E917F7ED0B00C8EA1B /* Foundation.framework in Frameworks */ = {isa = PBXBuildFile; fileRef = D86048C817F7ED0B00C8EA1B /* Foundation.framework */; };
		D86048EA17F7ED0B00C8EA1B /* UIKit.framework in Frameworks */ = {isa = PBXBuildFile; fileRef = D86048CC17F7ED0B00C8EA1B /* UIKit.framework */; };
		D86048F217F7ED0B00C8EA1B /* InfoPlist.strings in Resources */ = {isa = PBXBuildFile; fileRef = D86048F017F7ED0B00C8EA1B /* InfoPlist.strings */; };
		D86048F417F7ED0B00C8EA1B /* BlacksburgTests.m in Sources */ = {isa = PBXBuildFile; fileRef = D86048F317F7ED0B00C8EA1B /* BlacksburgTests.m */; };
/* End PBXBuildFile section */

/* Begin PBXContainerItemProxy section */
		D86048EB17F7ED0B00C8EA1B /* PBXContainerItemProxy */ = {
			isa = PBXContainerItemProxy;
			containerPortal = D86048BD17F7ED0B00C8EA1B /* Project object */;
			proxyType = 1;
			remoteGlobalIDString = D86048C417F7ED0B00C8EA1B;
			remoteInfo = Blacksburg;
		};
/* End PBXContainerItemProxy section */

/* Begin PBXFileReference section */
		D86048C517F7ED0B00C8EA1B /* Blacksburg.app */ = {isa = PBXFileReference; explicitFileType = wrapper.application; includeInIndex = 0; path = Blacksburg.app; sourceTree = BUILT_PRODUCTS_DIR; };
		D86048C817F7ED0B00C8EA1B /* Foundation.framework */ = {isa = PBXFileReference; lastKnownFileType = wrapper.framework; name = Foundation.framework; path = System/Library/Frameworks/Foundation.framework; sourceTree = SDKROOT; };
		D86048CA17F7ED0B00C8EA1B /* CoreGraphics.framework */ = {isa = PBXFileReference; lastKnownFileType = wrapper.framework; name = CoreGraphics.framework; path = System/Library/Frameworks/CoreGraphics.framework; sourceTree = SDKROOT; };
		D86048CC17F7ED0B00C8EA1B /* UIKit.framework */ = {isa = PBXFileReference; lastKnownFileType = wrapper.framework; name = UIKit.framework; path = System/Library/Frameworks/UIKit.framework; sourceTree = SDKROOT; };
		D86048D017F7ED0B00C8EA1B /* Blacksburg-Info.plist */ = {isa = PBXFileReference; lastKnownFileType = text.plist.xml; path = "Blacksburg-Info.plist"; sourceTree = "<group>"; };
		D86048D217F7ED0B00C8EA1B /* en */ = {isa = PBXFileReference; lastKnownFileType = text.plist.strings; name = en; path = en.lproj/InfoPlist.strings; sourceTree = "<group>"; };
		D86048D417F7ED0B00C8EA1B /* main.m */ = {isa = PBXFileReference; lastKnownFileType = sourcecode.c.objc; path = main.m; sourceTree = "<group>"; };
		D86048D617F7ED0B00C8EA1B /* Blacksburg-Prefix.pch */ = {isa = PBXFileReference; lastKnownFileType = sourcecode.c.h; path = "Blacksburg-Prefix.pch"; sourceTree = "<group>"; };
		D86048D717F7ED0B00C8EA1B /* AppDelegate.h */ = {isa = PBXFileReference; lastKnownFileType = sourcecode.c.h; path = AppDelegate.h; sourceTree = "<group>"; };
		D86048D817F7ED0B00C8EA1B /* AppDelegate.m */ = {isa = PBXFileReference; lastKnownFileType = sourcecode.c.objc; path = AppDelegate.m; sourceTree = "<group>"; };
		D86048DB17F7ED0B00C8EA1B /* Base */ = {isa = PBXFileReference; lastKnownFileType = file.storyboard; name = Base; path = Base.lproj/Main.storyboard; sourceTree = "<group>"; };
		D86048DD17F7ED0B00C8EA1B /* ViewController.h */ = {isa = PBXFileReference; lastKnownFileType = sourcecode.c.h; path = ViewController.h; sourceTree = "<group>"; };
		D86048DE17F7ED0B00C8EA1B /* ViewController.m */ = {isa = PBXFileReference; lastKnownFileType = sourcecode.c.objc; path = ViewController.m; sourceTree = "<group>"; };
		D86048E017F7ED0B00C8EA1B /* Images.xcassets */ = {isa = PBXFileReference; lastKnownFileType = folder.assetcatalog; path = Images.xcassets; sourceTree = "<group>"; };
		D86048E617F7ED0B00C8EA1B /* BlacksburgTests.xctest */ = {isa = PBXFileReference; explicitFileType = wrapper.cfbundle; includeInIndex = 0; path = BlacksburgTests.xctest; sourceTree = BUILT_PRODUCTS_DIR; };
		D86048E717F7ED0B00C8EA1B /* XCTest.framework */ = {isa = PBXFileReference; lastKnownFileType = wrapper.framework; name = XCTest.framework; path = Library/Frameworks/XCTest.framework; sourceTree = DEVELOPER_DIR; };
		D86048EF17F7ED0B00C8EA1B /* BlacksburgTests-Info.plist */ = {isa = PBXFileReference; lastKnownFileType = text.plist.xml; path = "BlacksburgTests-Info.plist"; sourceTree = "<group>"; };
		D86048F117F7ED0B00C8EA1B /* en */ = {isa = PBXFileReference; lastKnownFileType = text.plist.strings; name = en; path = en.lproj/InfoPlist.strings; sourceTree = "<group>"; };
		D86048F317F7ED0B00C8EA1B /* BlacksburgTests.m */ = {isa = PBXFileReference; lastKnownFileType = sourcecode.c.objc; path = BlacksburgTests.m; sourceTree = "<group>"; };
/* End PBXFileReference section */

/* Begin PBXFrameworksBuildPhase section */
		D86048C217F7ED0B00C8EA1B /* Frameworks */ = {
			isa = PBXFrameworksBuildPhase;
			buildActionMask = 2147483647;
			files = (
				D86048CB17F7ED0B00C8EA1B /* CoreGraphics.framework in Frameworks */,
				D86048CD17F7ED0B00C8EA1B /* UIKit.framework in Frameworks */,
				D86048C917F7ED0B00C8EA1B /* Foundation.framework in Frameworks */,
			);
			runOnlyForDeploymentPostprocessing = 0;
		};
		D86048E317F7ED0B00C8EA1B /* Frameworks */ = {
			isa = PBXFrameworksBuildPhase;
			buildActionMask = 2147483647;
			files = (
				D86048E817F7ED0B00C8EA1B /* XCTest.framework in Frameworks */,
				D86048EA17F7ED0B00C8EA1B /* UIKit.framework in Frameworks */,
				D86048E917F7ED0B00C8EA1B /* Foundation.framework in Frameworks */,
			);
			runOnlyForDeploymentPostprocessing = 0;
		};
/* End PBXFrameworksBuildPhase section */

/* Begin PBXGroup section */
		D86048BC17F7ED0B00C8EA1B = {
			isa = PBXGroup;
			children = (
				D86048CE17F7ED0B00C8EA1B /* Blacksburg */,
				D86048ED17F7ED0B00C8EA1B /* BlacksburgTests */,
				D86048C717F7ED0B00C8EA1B /* Frameworks */,
				D86048C617F7ED0B00C8EA1B /* Products */,
			);
			sourceTree = "<group>";
		};
		D86048C617F7ED0B00C8EA1B /* Products */ = {
			isa = PBXGroup;
			children = (
				D86048C517F7ED0B00C8EA1B /* Blacksburg.app */,
				D86048E617F7ED0B00C8EA1B /* BlacksburgTests.xctest */,
			);
			name = Products;
			sourceTree = "<group>";
		};
		D86048C717F7ED0B00C8EA1B /* Frameworks */ = {
			isa = PBXGroup;
			children = (
				D86048C817F7ED0B00C8EA1B /* Foundation.framework */,
				D86048CA17F7ED0B00C8EA1B /* CoreGraphics.framework */,
				D86048CC17F7ED0B00C8EA1B /* UIKit.framework */,
				D86048E717F7ED0B00C8EA1B /* XCTest.framework */,
			);
			name = Frameworks;
			sourceTree = "<group>";
		};
		D86048CE17F7ED0B00C8EA1B /* Blacksburg */ = {
			isa = PBXGroup;
			children = (
				D86048D717F7ED0B00C8EA1B /* AppDelegate.h */,
				D86048D817F7ED0B00C8EA1B /* AppDelegate.m */,
				D86048DA17F7ED0B00C8EA1B /* Main.storyboard */,
				D86048DD17F7ED0B00C8EA1B /* ViewController.h */,
				D86048DE17F7ED0B00C8EA1B /* ViewController.m */,
				D86048E017F7ED0B00C8EA1B /* Images.xcassets */,
				D86048CF17F7ED0B00C8EA1B /* Supporting Files */,
			);
			path = Blacksburg;
			sourceTree = "<group>";
		};
		D86048CF17F7ED0B00C8EA1B /* Supporting Files */ = {
			isa = PBXGroup;
			children = (
				D86048D017F7ED0B00C8EA1B /* Blacksburg-Info.plist */,
				D86048D117F7ED0B00C8EA1B /* InfoPlist.strings */,
				D86048D417F7ED0B00C8EA1B /* main.m */,
				D86048D617F7ED0B00C8EA1B /* Blacksburg-Prefix.pch */,
			);
			name = "Supporting Files";
			sourceTree = "<group>";
		};
		D86048ED17F7ED0B00C8EA1B /* BlacksburgTests */ = {
			isa = PBXGroup;
			children = (
				D86048F317F7ED0B00C8EA1B /* BlacksburgTests.m */,
				D86048EE17F7ED0B00C8EA1B /* Supporting Files */,
			);
			path = BlacksburgTests;
			sourceTree = "<group>";
		};
		D86048EE17F7ED0B00C8EA1B /* Supporting Files */ = {
			isa = PBXGroup;
			children = (
				D86048EF17F7ED0B00C8EA1B /* BlacksburgTests-Info.plist */,
				D86048F017F7ED0B00C8EA1B /* InfoPlist.strings */,
			);
			name = "Supporting Files";
			sourceTree = "<group>";
		};
/* End PBXGroup section */

/* Begin PBXNativeTarget section */
		D86048C417F7ED0B00C8EA1B /* Blacksburg */ = {
			isa = PBXNativeTarget;
			buildConfigurationList = D86048F717F7ED0B00C8EA1B /* Build configuration list for PBXNativeTarget "Blacksburg" */;
			buildPhases = (
				D86048C117F7ED0B00C8EA1B /* Sources */,
				D86048C217F7ED0B00C8EA1B /* Frameworks */,
				D86048C317F7ED0B00C8EA1B /* Resources */,
			);
			buildRules = (
			);
			dependencies = (
			);
			name = Blacksburg;
			productName = Blacksburg;
			productReference = D86048C517F7ED0B00C8EA1B /* Blacksburg.app */;
			productType = "com.apple.product-type.application";
		};
		D86048E517F7ED0B00C8EA1B /* BlacksburgTests */ = {
			isa = PBXNativeTarget;
			buildConfigurationList = D86048FA17F7ED0B00C8EA1B /* Build configuration list for PBXNativeTarget "BlacksburgTests" */;
			buildPhases = (
				D86048E217F7ED0B00C8EA1B /* Sources */,
				D86048E317F7ED0B00C8EA1B /* Frameworks */,
				D86048E417F7ED0B00C8EA1B /* Resources */,
			);
			buildRules = (
			);
			dependencies = (
				D86048EC17F7ED0B00C8EA1B /* PBXTargetDependency */,
			);
			name = BlacksburgTests;
			productName = BlacksburgTests;
			productReference = D86048E617F7ED0B00C8EA1B /* BlacksburgTests.xctest */;
			productType = "com.apple.product-type.bundle.unit-test";
		};
/* End PBXNativeTarget section */

/* Begin PBXProject section */
		D86048BD17F7ED0B00C8EA1B /* Project object */ = {
			isa = PBXProject;
			attributes = {
				LastUpgradeCheck = 0500;
				ORGANIZATIONNAME = "Mike Gazdich";
				TargetAttributes = {
					D86048E517F7ED0B00C8EA1B = {
						TestTargetID = D86048C417F7ED0B00C8EA1B;
					};
				};
			};
			buildConfigurationList = D86048C017F7ED0B00C8EA1B /* Build configuration list for PBXProject "Blacksburg" */;
			compatibilityVersion = "Xcode 3.2";
			developmentRegion = English;
			hasScannedForEncodings = 0;
			knownRegions = (
				en,
				Base,
			);
			mainGroup = D86048BC17F7ED0B00C8EA1B;
			productRefGroup = D86048C617F7ED0B00C8EA1B /* Products */;
			projectDirPath = "";
			projectRoot = "";
			targets = (
				D86048C417F7ED0B00C8EA1B /* Blacksburg */,
				D86048E517F7ED0B00C8EA1B /* BlacksburgTests */,
			);
		};
/* End PBXProject section */

/* Begin PBXResourcesBuildPhase section */
		D86048C317F7ED0B00C8EA1B /* Resources */ = {
			isa = PBXResourcesBuildPhase;
			buildActionMask = 2147483647;
			files = (
				D86048E117F7ED0B00C8EA1B /* Images.xcassets in Resources */,
				D86048D317F7ED0B00C8EA1B /* InfoPlist.strings in Resources */,
				D86048DC17F7ED0B00C8EA1B /* Main.storyboard in Resources */,
			);
			runOnlyForDeploymentPostprocessing = 0;
		};
		D86048E417F7ED0B00C8EA1B /* Resources */ = {
			isa = PBXResourcesBuildPhase;
			buildActionMask = 2147483647;
			files = (
				D86048F217F7ED0B00C8EA1B /* InfoPlist.strings in Resources */,
			);
			runOnlyForDeploymentPostprocessing = 0;
		};
/* End PBXResourcesBuildPhase section */

/* Begin PBXSourcesBuildPhase section */
		D86048C117F7ED0B00C8EA1B /* Sources */ = {
			isa = PBXSourcesBuildPhase;
			buildActionMask = 2147483647;
			files = (
				D86048DF17F7ED0B00C8EA1B /* ViewController.m in Sources */,
				D86048D917F7ED0B00C8EA1B /* AppDelegate.m in Sources */,
				D86048D517F7ED0B00C8EA1B /* main.m in Sources */,
			);
			runOnlyForDeploymentPostprocessing = 0;
		};
		D86048E217F7ED0B00C8EA1B /* Sources */ = {
			isa = PBXSourcesBuildPhase;
			buildActionMask = 2147483647;
			files = (
				D86048F417F7ED0B00C8EA1B /* BlacksburgTests.m in Sources */,
			);
			runOnlyForDeploymentPostprocessing = 0;
		};
/* End PBXSourcesBuildPhase section */

/* Begin PBXTargetDependency section */
		D86048EC17F7ED0B00C8EA1B /* PBXTargetDependency */ = {
			isa = PBXTargetDependency;
			target = D86048C417F7ED0B00C8EA1B /* Blacksburg */;
			targetProxy = D86048EB17F7ED0B00C8EA1B /* PBXContainerItemProxy */;
		};
/* End PBXTargetDependency section */

/* Begin PBXVariantGroup section */
		D86048D117F7ED0B00C8EA1B /* InfoPlist.strings */ = {
			isa = PBXVariantGroup;
			children = (
				D86048D217F7ED0B00C8EA1B /* en */,
			);
			name = InfoPlist.strings;
			sourceTree = "<group>";
		};
		D86048DA17F7ED0B00C8EA1B /* Main.storyboard */ = {
			isa = PBXVariantGroup;
			children = (
				D86048DB17F7ED0B00C8EA1B /* Base */,
			);
			name = Main.storyboard;
			sourceTree = "<group>";
		};
		D86048F017F7ED0B00C8EA1B /* InfoPlist.strings */ = {
			isa = PBXVariantGroup;
			children = (
				D86048F117F7ED0B00C8EA1B /* en */,
			);
			name = InfoPlist.strings;
			sourceTree = "<group>";
		};
/* End PBXVariantGroup section */

/* Begin XCBuildConfiguration section */
		D86048F517F7ED0B00C8EA1B /* Debug */ = {
			isa = XCBuildConfiguration;
			buildSettings = {
				ALWAYS_SEARCH_USER_PATHS = NO;
				ARCHS = "$(ARCHS_STANDARD_INCLUDING_64_BIT)";
				CLANG_CXX_LANGUAGE_STANDARD = "gnu++0x";
				CLANG_CXX_LIBRARY = "libc++";
				CLANG_ENABLE_MODULES = YES;
				CLANG_ENABLE_OBJC_ARC = YES;
				CLANG_WARN_BOOL_CONVERSION = YES;
				CLANG_WARN_CONSTANT_CONVERSION = YES;
				CLANG_WARN_DIRECT_OBJC_ISA_USAGE = YES_ERROR;
				CLANG_WARN_EMPTY_BODY = YES;
				CLANG_WARN_ENUM_CONVERSION = YES;
				CLANG_WARN_INT_CONVERSION = YES;
				CLANG_WARN_OBJC_ROOT_CLASS = YES_ERROR;
				CLANG_WARN__DUPLICATE_METHOD_MATCH = YES;
				"CODE_SIGN_IDENTITY[sdk=iphoneos*]" = "iPhone Developer";
				COPY_PHASE_STRIP = NO;
				GCC_C_LANGUAGE_STANDARD = gnu99;
				GCC_DYNAMIC_NO_PIC = NO;
				GCC_OPTIMIZATION_LEVEL = 0;
				GCC_PREPROCESSOR_DEFINITIONS = (
					"DEBUG=1",
					"$(inherited)",
				);
				GCC_SYMBOLS_PRIVATE_EXTERN = NO;
				GCC_WARN_64_TO_32_BIT_CONVERSION = YES;
				GCC_WARN_ABOUT_RETURN_TYPE = YES_ERROR;
				GCC_WARN_UNDECLARED_SELECTOR = YES;
				GCC_WARN_UNINITIALIZED_AUTOS = YES;
				GCC_WARN_UNUSED_FUNCTION = YES;
				GCC_WARN_UNUSED_VARIABLE = YES;
				IPHONEOS_DEPLOYMENT_TARGET = 7.0;
				ONLY_ACTIVE_ARCH = YES;
				SDKROOT = iphoneos;
			};
			name = Debug;
		};
		D86048F617F7ED0B00C8EA1B /* Release */ = {
			isa = XCBuildConfiguration;
			buildSettings = {
				ALWAYS_SEARCH_USER_PATHS = NO;
				ARCHS = "$(ARCHS_STANDARD_INCLUDING_64_BIT)";
				CLANG_CXX_LANGUAGE_STANDARD = "gnu++0x";
				CLANG_CXX_LIBRARY = "libc++";
				CLANG_ENABLE_MODULES = YES;
				CLANG_ENABLE_OBJC_ARC = YES;
				CLANG_WARN_BOOL_CONVERSION = YES;
				CLANG_WARN_CONSTANT_CONVERSION = YES;
				CLANG_WARN_DIRECT_OBJC_ISA_USAGE = YES_ERROR;
				CLANG_WARN_EMPTY_BODY = YES;
				CLANG_WARN_ENUM_CONVERSION = YES;
				CLANG_WARN_INT_CONVERSION = YES;
				CLANG_WARN_OBJC_ROOT_CLASS = YES_ERROR;
				CLANG_WARN__DUPLICATE_METHOD_MATCH = YES;
				"CODE_SIGN_IDENTITY[sdk=iphoneos*]" = "iPhone Developer";
				COPY_PHASE_STRIP = YES;
				ENABLE_NS_ASSERTIONS = NO;
				GCC_C_LANGUAGE_STANDARD = gnu99;
				GCC_WARN_64_TO_32_BIT_CONVERSION = YES;
				GCC_WARN_ABOUT_RETURN_TYPE = YES_ERROR;
				GCC_WARN_UNDECLARED_SELECTOR = YES;
				GCC_WARN_UNINITIALIZED_AUTOS = YES;
				GCC_WARN_UNUSED_FUNCTION = YES;
				GCC_WARN_UNUSED_VARIABLE = YES;
				IPHONEOS_DEPLOYMENT_TARGET = 7.0;
				SDKROOT = iphoneos;
				VALIDATE_PRODUCT = YES;
			};
			name = Release;
		};
		D86048F817F7ED0B00C8EA1B /* Debug */ = {
			isa = XCBuildConfiguration;
			buildSettings = {
				ASSETCATALOG_COMPILER_APPICON_NAME = AppIcon;
				ASSETCATALOG_COMPILER_LAUNCHIMAGE_NAME = LaunchImage;
				GCC_PRECOMPILE_PREFIX_HEADER = YES;
				GCC_PREFIX_HEADER = "Blacksburg/Blacksburg-Prefix.pch";
				INFOPLIST_FILE = "Blacksburg/Blacksburg-Info.plist";
				PRODUCT_NAME = "$(TARGET_NAME)";
				WRAPPER_EXTENSION = app;
			};
			name = Debug;
		};
		D86048F917F7ED0B00C8EA1B /* Release */ = {
			isa = XCBuildConfiguration;
			buildSettings = {
				ASSETCATALOG_COMPILER_APPICON_NAME = AppIcon;
				ASSETCATALOG_COMPILER_LAUNCHIMAGE_NAME = LaunchImage;
				GCC_PRECOMPILE_PREFIX_HEADER = YES;
				GCC_PREFIX_HEADER = "Blacksburg/Blacksburg-Prefix.pch";
				INFOPLIST_FILE = "Blacksburg/Blacksburg-Info.plist";
				PRODUCT_NAME = "$(TARGET_NAME)";
				WRAPPER_EXTENSION = app;
			};
			name = Release;
		};
		D86048FB17F7ED0B00C8EA1B /* Debug */ = {
			isa = XCBuildConfiguration;
			buildSettings = {
				ARCHS = "$(ARCHS_STANDARD_INCLUDING_64_BIT)";
				BUNDLE_LOADER = "$(BUILT_PRODUCTS_DIR)/Blacksburg.app/Blacksburg";
				FRAMEWORK_SEARCH_PATHS = (
					"$(SDKROOT)/Developer/Library/Frameworks",
					"$(inherited)",
					"$(DEVELOPER_FRAMEWORKS_DIR)",
				);
				GCC_PRECOMPILE_PREFIX_HEADER = YES;
				GCC_PREFIX_HEADER = "Blacksburg/Blacksburg-Prefix.pch";
				GCC_PREPROCESSOR_DEFINITIONS = (
					"DEBUG=1",
					"$(inherited)",
				);
				INFOPLIST_FILE = "BlacksburgTests/BlacksburgTests-Info.plist";
				PRODUCT_NAME = "$(TARGET_NAME)";
				TEST_HOST = "$(BUNDLE_LOADER)";
				WRAPPER_EXTENSION = xctest;
			};
			name = Debug;
		};
		D86048FC17F7ED0B00C8EA1B /* Release */ = {
			isa = XCBuildConfiguration;
			buildSettings = {
				ARCHS = "$(ARCHS_STANDARD_INCLUDING_64_BIT)";
				BUNDLE_LOADER = "$(BUILT_PRODUCTS_DIR)/Blacksburg.app/Blacksburg";
				FRAMEWORK_SEARCH_PATHS = (
					"$(SDKROOT)/Developer/Library/Frameworks",
					"$(inherited)",
					"$(DEVELOPER_FRAMEWORKS_DIR)",
				);
				GCC_PRECOMPILE_PREFIX_HEADER = YES;
				GCC_PREFIX_HEADER = "Blacksburg/Blacksburg-Prefix.pch";
				INFOPLIST_FILE = "BlacksburgTests/BlacksburgTests-Info.plist";
				PRODUCT_NAME = "$(TARGET_NAME)";
				TEST_HOST = "$(BUNDLE_LOADER)";
				WRAPPER_EXTENSION = xctest;
			};
			name = Release;
		};
/* End XCBuildConfiguration section */

/* Begin XCConfigurationList section */
		D86048C017F7ED0B00C8EA1B /* Build configuration list for PBXProject "Blacksburg" */ = {
			isa = XCConfigurationList;
			buildConfigurations = (
				D86048F517F7ED0B00C8EA1B /* Debug */,
				D86048F617F7ED0B00C8EA1B /* Release */,
			);
			defaultConfigurationIsVisible = 0;
			defaultConfigurationName = Release;
		};
		D86048F717F7ED0B00C8EA1B /* Build configuration list for PBXNativeTarget "Blacksburg" */ = {
			isa = XCConfigurationList;
			buildConfigurations = (
				D86048F817F7ED0B00C8EA1B /* Debug */,
				D86048F917F7ED0B00C8EA1B /* Release */,
			);
			defaultConfigurationIsVisible = 0;
		};
		D86048FA17F7ED0B00C8EA1B /* Build configuration list for PBXNativeTarget "BlacksburgTests" */ = {
			isa = XCConfigurationList;
			buildConfigurations = (
				D86048FB17F7ED0B00C8EA1B /* Debug */,
				D86048FC17F7ED0B00C8EA1B /* Release */,
			);
			defaultConfigurationIsVisible = 0;
		};
/* End XCConfigurationList section */
	};
	rootObject = D86048BD17F7ED0B00C8EA1B /* Project object */;
}
